// !$*UTF8*$!
{
	archiveVersion = 1;
	classes = {
	};
	objectVersion = 50;
	objects = {

/* Begin PBXBuildFile section */
		DD17A7FC24CCB276006F9D18 /* HomeVC.swift in Sources */ = {isa = PBXBuildFile; fileRef = DD17A7FB24CCB276006F9D18 /* HomeVC.swift */; };
		DD2AF19724CD4ACA00C0ECF3 /* CartVC.swift in Sources */ = {isa = PBXBuildFile; fileRef = DD2AF19624CD4ACA00C0ECF3 /* CartVC.swift */; };
		DD2AF19924CD532700C0ECF3 /* NotiVC.swift in Sources */ = {isa = PBXBuildFile; fileRef = DD2AF19824CD532700C0ECF3 /* NotiVC.swift */; };
		DD93500C24CD45B2008C306F /* SideMenuVC.swift in Sources */ = {isa = PBXBuildFile; fileRef = DD93500B24CD45B2008C306F /* SideMenuVC.swift */; };
		DDD14BE824CCB7CB00DA2825 /* TabBarVC.swift in Sources */ = {isa = PBXBuildFile; fileRef = DDD14BE724CCB7CB00DA2825 /* TabBarVC.swift */; };
		DDD14BEA24CCB9B900DA2825 /* VideosVC.swift in Sources */ = {isa = PBXBuildFile; fileRef = DDD14BE924CCB9B900DA2825 /* VideosVC.swift */; };
		DDD14BEC24CCB9DD00DA2825 /* MerchVC.swift in Sources */ = {isa = PBXBuildFile; fileRef = DDD14BEB24CCB9DD00DA2825 /* MerchVC.swift */; };
		DDD270A524CCB10200F20F7F /* AppDelegate.swift in Sources */ = {isa = PBXBuildFile; fileRef = DDD270A424CCB10200F20F7F /* AppDelegate.swift */; };
		DDD270A724CCB10200F20F7F /* SceneDelegate.swift in Sources */ = {isa = PBXBuildFile; fileRef = DDD270A624CCB10200F20F7F /* SceneDelegate.swift */; };
		DDD270AE24CCB10400F20F7F /* Assets.xcassets in Resources */ = {isa = PBXBuildFile; fileRef = DDD270AD24CCB10400F20F7F /* Assets.xcassets */; };
		DDD270B124CCB10400F20F7F /* LaunchScreen.storyboard in Resources */ = {isa = PBXBuildFile; fileRef = DDD270AF24CCB10400F20F7F /* LaunchScreen.storyboard */; };
/* End PBXBuildFile section */

/* Begin PBXFileReference section */
		DD17A7FB24CCB276006F9D18 /* HomeVC.swift */ = {isa = PBXFileReference; lastKnownFileType = sourcecode.swift; path = HomeVC.swift; sourceTree = "<group>"; };
		DD2AF19624CD4ACA00C0ECF3 /* CartVC.swift */ = {isa = PBXFileReference; lastKnownFileType = sourcecode.swift; path = CartVC.swift; sourceTree = "<group>"; };
		DD2AF19824CD532700C0ECF3 /* NotiVC.swift */ = {isa = PBXFileReference; lastKnownFileType = sourcecode.swift; path = NotiVC.swift; sourceTree = "<group>"; };
		DD93500B24CD45B2008C306F /* SideMenuVC.swift */ = {isa = PBXFileReference; lastKnownFileType = sourcecode.swift; path = SideMenuVC.swift; sourceTree = "<group>"; };
		DDD14BE724CCB7CB00DA2825 /* TabBarVC.swift */ = {isa = PBXFileReference; lastKnownFileType = sourcecode.swift; path = TabBarVC.swift; sourceTree = "<group>"; };
		DDD14BE924CCB9B900DA2825 /* VideosVC.swift */ = {isa = PBXFileReference; lastKnownFileType = sourcecode.swift; path = VideosVC.swift; sourceTree = "<group>"; };
		DDD14BEB24CCB9DD00DA2825 /* MerchVC.swift */ = {isa = PBXFileReference; lastKnownFileType = sourcecode.swift; path = MerchVC.swift; sourceTree = "<group>"; };
		DDD270A124CCB10200F20F7F /* OnePercent.app */ = {isa = PBXFileReference; explicitFileType = wrapper.application; includeInIndex = 0; path = OnePercent.app; sourceTree = BUILT_PRODUCTS_DIR; };
		DDD270A424CCB10200F20F7F /* AppDelegate.swift */ = {isa = PBXFileReference; lastKnownFileType = sourcecode.swift; path = AppDelegate.swift; sourceTree = "<group>"; };
		DDD270A624CCB10200F20F7F /* SceneDelegate.swift */ = {isa = PBXFileReference; lastKnownFileType = sourcecode.swift; path = SceneDelegate.swift; sourceTree = "<group>"; };
		DDD270AD24CCB10400F20F7F /* Assets.xcassets */ = {isa = PBXFileReference; lastKnownFileType = folder.assetcatalog; path = Assets.xcassets; sourceTree = "<group>"; };
		DDD270B024CCB10400F20F7F /* Base */ = {isa = PBXFileReference; lastKnownFileType = file.storyboard; name = Base; path = Base.lproj/LaunchScreen.storyboard; sourceTree = "<group>"; };
		DDD270B224CCB10400F20F7F /* Info.plist */ = {isa = PBXFileReference; lastKnownFileType = text.plist.xml; path = Info.plist; sourceTree = "<group>"; };
/* End PBXFileReference section */

/* Begin PBXFrameworksBuildPhase section */
		DDD2709E24CCB10200F20F7F /* Frameworks */ = {
			isa = PBXFrameworksBuildPhase;
			buildActionMask = 2147483647;
			files = (
			);
			runOnlyForDeploymentPostprocessing = 0;
		};
/* End PBXFrameworksBuildPhase section */

/* Begin PBXGroup section */
		DD17A7F924CCB24C006F9D18 /* Apple */ = {
			isa = PBXGroup;
			children = (
				DDD270A424CCB10200F20F7F /* AppDelegate.swift */,
				DDD270A624CCB10200F20F7F /* SceneDelegate.swift */,
				DDD270AD24CCB10400F20F7F /* Assets.xcassets */,
				DDD270AF24CCB10400F20F7F /* LaunchScreen.storyboard */,
			);
			path = Apple;
			sourceTree = "<group>";
		};
		DD17A7FA24CCB25D006F9D18 /* VC */ = {
			isa = PBXGroup;
			children = (
				DD93500A24CD458D008C306F /* Main */,
				DD93500924CD4578008C306F /* NavBar */,
			);
			path = VC;
			sourceTree = "<group>";
		};
		DD93500924CD4578008C306F /* NavBar */ = {
			isa = PBXGroup;
			children = (
				DD93500B24CD45B2008C306F /* SideMenuVC.swift */,
				DD2AF19624CD4ACA00C0ECF3 /* CartVC.swift */,
			);
			path = NavBar;
			sourceTree = "<group>";
		};
		DD93500A24CD458D008C306F /* Main */ = {
			isa = PBXGroup;
			children = (
				DDD14BE724CCB7CB00DA2825 /* TabBarVC.swift */,
				DD17A7FB24CCB276006F9D18 /* HomeVC.swift */,
				DDD14BE924CCB9B900DA2825 /* VideosVC.swift */,
				DD2AF19824CD532700C0ECF3 /* NotiVC.swift */,
				DDD14BEB24CCB9DD00DA2825 /* MerchVC.swift */,
			);
			path = Main;
			sourceTree = "<group>";
		};
		DDD2709824CCB10200F20F7F = {
			isa = PBXGroup;
			children = (
				DDD270A324CCB10200F20F7F /* OnePercent */,
				DDD270A224CCB10200F20F7F /* Products */,
			);
			sourceTree = "<group>";
		};
		DDD270A224CCB10200F20F7F /* Products */ = {
			isa = PBXGroup;
			children = (
				DDD270A124CCB10200F20F7F /* OnePercent.app */,
			);
			name = Products;
			sourceTree = "<group>";
		};
		DDD270A324CCB10200F20F7F /* OnePercent */ = {
			isa = PBXGroup;
			children = (
				DD17A7FA24CCB25D006F9D18 /* VC */,
				DD17A7F924CCB24C006F9D18 /* Apple */,
				DDD270B224CCB10400F20F7F /* Info.plist */,
			);
			path = OnePercent;
			sourceTree = "<group>";
		};
/* End PBXGroup section */

/* Begin PBXNativeTarget section */
		DDD270A024CCB10200F20F7F /* OnePercent */ = {
			isa = PBXNativeTarget;
			buildConfigurationList = DDD270B524CCB10400F20F7F /* Build configuration list for PBXNativeTarget "OnePercent" */;
			buildPhases = (
				DDD2709D24CCB10200F20F7F /* Sources */,
				DDD2709E24CCB10200F20F7F /* Frameworks */,
				DDD2709F24CCB10200F20F7F /* Resources */,
			);
			buildRules = (
			);
			dependencies = (
			);
			name = OnePercent;
			productName = OnePercent;
			productReference = DDD270A124CCB10200F20F7F /* OnePercent.app */;
			productType = "com.apple.product-type.application";
		};
/* End PBXNativeTarget section */

/* Begin PBXProject section */
		DDD2709924CCB10200F20F7F /* Project object */ = {
			isa = PBXProject;
			attributes = {
				LastSwiftUpdateCheck = 1160;
				LastUpgradeCheck = 1160;
				ORGANIZATIONNAME = Astronomical;
				TargetAttributes = {
					DDD270A024CCB10200F20F7F = {
						CreatedOnToolsVersion = 11.6;
					};
				};
			};
			buildConfigurationList = DDD2709C24CCB10200F20F7F /* Build configuration list for PBXProject "OnePercent" */;
			compatibilityVersion = "Xcode 9.3";
			developmentRegion = en;
			hasScannedForEncodings = 0;
			knownRegions = (
				en,
				Base,
			);
			mainGroup = DDD2709824CCB10200F20F7F;
			productRefGroup = DDD270A224CCB10200F20F7F /* Products */;
			projectDirPath = "";
			projectRoot = "";
			targets = (
				DDD270A024CCB10200F20F7F /* OnePercent */,
			);
		};
/* End PBXProject section */

/* Begin PBXResourcesBuildPhase section */
		DDD2709F24CCB10200F20F7F /* Resources */ = {
			isa = PBXResourcesBuildPhase;
			buildActionMask = 2147483647;
			files = (
				DDD270B124CCB10400F20F7F /* LaunchScreen.storyboard in Resources */,
				DDD270AE24CCB10400F20F7F /* Assets.xcassets in Resources */,
			);
			runOnlyForDeploymentPostprocessing = 0;
		};
/* End PBXResourcesBuildPhase section */

/* Begin PBXSourcesBuildPhase section */
		DDD2709D24CCB10200F20F7F /* Sources */ = {
			isa = PBXSourcesBuildPhase;
			buildActionMask = 2147483647;
			files = (
				DD17A7FC24CCB276006F9D18 /* HomeVC.swift in Sources */,
				DDD14BEA24CCB9B900DA2825 /* VideosVC.swift in Sources */,
				DDD14BEC24CCB9DD00DA2825 /* MerchVC.swift in Sources */,
				DDD270A524CCB10200F20F7F /* AppDelegate.swift in Sources */,
				DD2AF19724CD4ACA00C0ECF3 /* CartVC.swift in Sources */,
				DDD14BE824CCB7CB00DA2825 /* TabBarVC.swift in Sources */,
				DD93500C24CD45B2008C306F /* SideMenuVC.swift in Sources */,
				DD2AF19924CD532700C0ECF3 /* NotiVC.swift in Sources */,
				DDD270A724CCB10200F20F7F /* SceneDelegate.swift in Sources */,
			);
			runOnlyForDeploymentPostprocessing = 0;
		};
/* End PBXSourcesBuildPhase section */

/* Begin PBXVariantGroup section */
		DDD270AF24CCB10400F20F7F /* LaunchScreen.storyboard */ = {
			isa = PBXVariantGroup;
			children = (
				DDD270B024CCB10400F20F7F /* Base */,
			);
			name = LaunchScreen.storyboard;
			sourceTree = "<group>";
		};
/* End PBXVariantGroup section */

/* Begin XCBuildConfiguration section */
		DDD270B324CCB10400F20F7F /* Debug */ = {
			isa = XCBuildConfiguration;
			buildSettings = {
				ALWAYS_SEARCH_USER_PATHS = NO;
				CLANG_ANALYZER_NONNULL = YES;
				CLANG_ANALYZER_NUMBER_OBJECT_CONVERSION = YES_AGGRESSIVE;
				CLANG_CXX_LANGUAGE_STANDARD = "gnu++14";
				CLANG_CXX_LIBRARY = "libc++";
				CLANG_ENABLE_MODULES = YES;
				CLANG_ENABLE_OBJC_ARC = YES;
				CLANG_ENABLE_OBJC_WEAK = YES;
				CLANG_WARN_BLOCK_CAPTURE_AUTORELEASING = YES;
				CLANG_WARN_BOOL_CONVERSION = YES;
				CLANG_WARN_COMMA = YES;
				CLANG_WARN_CONSTANT_CONVERSION = YES;
				CLANG_WARN_DEPRECATED_OBJC_IMPLEMENTATIONS = YES;
				CLANG_WARN_DIRECT_OBJC_ISA_USAGE = YES_ERROR;
				CLANG_WARN_DOCUMENTATION_COMMENTS = YES;
				CLANG_WARN_EMPTY_BODY = YES;
				CLANG_WARN_ENUM_CONVERSION = YES;
				CLANG_WARN_INFINITE_RECURSION = YES;
				CLANG_WARN_INT_CONVERSION = YES;
				CLANG_WARN_NON_LITERAL_NULL_CONVERSION = YES;
				CLANG_WARN_OBJC_IMPLICIT_RETAIN_SELF = YES;
				CLANG_WARN_OBJC_LITERAL_CONVERSION = YES;
				CLANG_WARN_OBJC_ROOT_CLASS = YES_ERROR;
				CLANG_WARN_RANGE_LOOP_ANALYSIS = YES;
				CLANG_WARN_STRICT_PROTOTYPES = YES;
				CLANG_WARN_SUSPICIOUS_MOVE = YES;
				CLANG_WARN_UNGUARDED_AVAILABILITY = YES_AGGRESSIVE;
				CLANG_WARN_UNREACHABLE_CODE = YES;
				CLANG_WARN__DUPLICATE_METHOD_MATCH = YES;
				COPY_PHASE_STRIP = NO;
				DEBUG_INFORMATION_FORMAT = dwarf;
				ENABLE_STRICT_OBJC_MSGSEND = YES;
				ENABLE_TESTABILITY = YES;
				GCC_C_LANGUAGE_STANDARD = gnu11;
				GCC_DYNAMIC_NO_PIC = NO;
				GCC_NO_COMMON_BLOCKS = YES;
				GCC_OPTIMIZATION_LEVEL = 0;
				GCC_PREPROCESSOR_DEFINITIONS = (
					"DEBUG=1",
					"$(inherited)",
				);
				GCC_WARN_64_TO_32_BIT_CONVERSION = YES;
				GCC_WARN_ABOUT_RETURN_TYPE = YES_ERROR;
				GCC_WARN_UNDECLARED_SELECTOR = YES;
				GCC_WARN_UNINITIALIZED_AUTOS = YES_AGGRESSIVE;
				GCC_WARN_UNUSED_FUNCTION = YES;
				GCC_WARN_UNUSED_VARIABLE = YES;
				IPHONEOS_DEPLOYMENT_TARGET = 13.6;
				MTL_ENABLE_DEBUG_INFO = INCLUDE_SOURCE;
				MTL_FAST_MATH = YES;
				ONLY_ACTIVE_ARCH = YES;
				SDKROOT = iphoneos;
				SWIFT_ACTIVE_COMPILATION_CONDITIONS = DEBUG;
				SWIFT_OPTIMIZATION_LEVEL = "-Onone";
			};
			name = Debug;
		};
		DDD270B424CCB10400F20F7F /* Release */ = {
			isa = XCBuildConfiguration;
			buildSettings = {
				ALWAYS_SEARCH_USER_PATHS = NO;
				CLANG_ANALYZER_NONNULL = YES;
				CLANG_ANALYZER_NUMBER_OBJECT_CONVERSION = YES_AGGRESSIVE;
				CLANG_CXX_LANGUAGE_STANDARD = "gnu++14";
				CLANG_CXX_LIBRARY = "libc++";
				CLANG_ENABLE_MODULES = YES;
				CLANG_ENABLE_OBJC_ARC = YES;
				CLANG_ENABLE_OBJC_WEAK = YES;
				CLANG_WARN_BLOCK_CAPTURE_AUTORELEASING = YES;
				CLANG_WARN_BOOL_CONVERSION = YES;
				CLANG_WARN_COMMA = YES;
				CLANG_WARN_CONSTANT_CONVERSION = YES;
				CLANG_WARN_DEPRECATED_OBJC_IMPLEMENTATIONS = YES;
				CLANG_WARN_DIRECT_OBJC_ISA_USAGE = YES_ERROR;
				CLANG_WARN_DOCUMENTATION_COMMENTS = YES;
				CLANG_WARN_EMPTY_BODY = YES;
				CLANG_WARN_ENUM_CONVERSION = YES;
				CLANG_WARN_INFINITE_RECURSION = YES;
				CLANG_WARN_INT_CONVERSION = YES;
				CLANG_WARN_NON_LITERAL_NULL_CONVERSION = YES;
				CLANG_WARN_OBJC_IMPLICIT_RETAIN_SELF = YES;
				CLANG_WARN_OBJC_LITERAL_CONVERSION = YES;
				CLANG_WARN_OBJC_ROOT_CLASS = YES_ERROR;
				CLANG_WARN_RANGE_LOOP_ANALYSIS = YES;
				CLANG_WARN_STRICT_PROTOTYPES = YES;
				CLANG_WARN_SUSPICIOUS_MOVE = YES;
				CLANG_WARN_UNGUARDED_AVAILABILITY = YES_AGGRESSIVE;
				CLANG_WARN_UNREACHABLE_CODE = YES;
				CLANG_WARN__DUPLICATE_METHOD_MATCH = YES;
				COPY_PHASE_STRIP = NO;
				DEBUG_INFORMATION_FORMAT = "dwarf-with-dsym";
				ENABLE_NS_ASSERTIONS = NO;
				ENABLE_STRICT_OBJC_MSGSEND = YES;
				GCC_C_LANGUAGE_STANDARD = gnu11;
				GCC_NO_COMMON_BLOCKS = YES;
				GCC_WARN_64_TO_32_BIT_CONVERSION = YES;
				GCC_WARN_ABOUT_RETURN_TYPE = YES_ERROR;
				GCC_WARN_UNDECLARED_SELECTOR = YES;
				GCC_WARN_UNINITIALIZED_AUTOS = YES_AGGRESSIVE;
				GCC_WARN_UNUSED_FUNCTION = YES;
				GCC_WARN_UNUSED_VARIABLE = YES;
				IPHONEOS_DEPLOYMENT_TARGET = 13.6;
				MTL_ENABLE_DEBUG_INFO = NO;
				MTL_FAST_MATH = YES;
				SDKROOT = iphoneos;
				SWIFT_COMPILATION_MODE = wholemodule;
				SWIFT_OPTIMIZATION_LEVEL = "-O";
				VALIDATE_PRODUCT = YES;
			};
			name = Release;
		};
		DDD270B624CCB10400F20F7F /* Debug */ = {
			isa = XCBuildConfiguration;
			buildSettings = {
				ASSETCATALOG_COMPILER_APPICON_NAME = AppIcon;
				CODE_SIGN_STYLE = Automatic;
				DEVELOPMENT_TEAM = UX2A6NBKPT;
				INFOPLIST_FILE = OnePercent/Info.plist;
				LD_RUNPATH_SEARCH_PATHS = (
					"$(inherited)",
					"@executable_path/Frameworks",
				);
				PRODUCT_BUNDLE_IDENTIFIER = Astro.OnePercent;
				PRODUCT_NAME = "$(TARGET_NAME)";
				SWIFT_VERSION = 5.0;
				TARGETED_DEVICE_FAMILY = 1;
			};
			name = Debug;
		};
		DDD270B724CCB10400F20F7F /* Release */ = {
			isa = XCBuildConfiguration;
			buildSettings = {
				ASSETCATALOG_COMPILER_APPICON_NAME = AppIcon;
				CODE_SIGN_STYLE = Automatic;
				DEVELOPMENT_TEAM = UX2A6NBKPT;
				INFOPLIST_FILE = OnePercent/Info.plist;
				LD_RUNPATH_SEARCH_PATHS = (
					"$(inherited)",
					"@executable_path/Frameworks",
				);
				PRODUCT_BUNDLE_IDENTIFIER = Astro.OnePercent;
				PRODUCT_NAME = "$(TARGET_NAME)";
				SWIFT_VERSION = 5.0;
				TARGETED_DEVICE_FAMILY = 1;
			};
			name = Release;
		};
/* End XCBuildConfiguration section */

/* Begin XCConfigurationList section */
		DDD2709C24CCB10200F20F7F /* Build configuration list for PBXProject "OnePercent" */ = {
			isa = XCConfigurationList;
			buildConfigurations = (
				DDD270B324CCB10400F20F7F /* Debug */,
				DDD270B424CCB10400F20F7F /* Release */,
			);
			defaultConfigurationIsVisible = 0;
			defaultConfigurationName = Release;
		};
		DDD270B524CCB10400F20F7F /* Build configuration list for PBXNativeTarget "OnePercent" */ = {
			isa = XCConfigurationList;
			buildConfigurations = (
				DDD270B624CCB10400F20F7F /* Debug */,
				DDD270B724CCB10400F20F7F /* Release */,
			);
			defaultConfigurationIsVisible = 0;
			defaultConfigurationName = Release;
		};
/* End XCConfigurationList section */
	};
	rootObject = DDD2709924CCB10200F20F7F /* Project object */;
}
